
Microsoft Visual Studio Solution File, Format Version 12.00
# Visual Studio 15
VisualStudioVersion = 15.0.28307.438
MinimumVisualStudioVersion = 10.0.40219.1
Project("{FAE04EC0-301F-11D3-BF4B-00C04F79EFBC}") = "BookService", "BookService\BookService.csproj", "{55C72A1F-74BA-49F5-A283-325F2B26A712}"
EndProject
Global
	GlobalSection(SolutionConfigurationPlatforms) = preSolution
		Debug|Any CPU = Debug|Any CPU
		Release|Any CPU = Release|Any CPU
	EndGlobalSection
	GlobalSection(ProjectConfigurationPlatforms) = postSolution
		{55C72A1F-74BA-49F5-A283-325F2B26A712}.Debug|Any CPU.ActiveCfg = Debug|Any CPU
		{55C72A1F-74BA-49F5-A283-325F2B26A712}.Debug|Any CPU.Build.0 = Debug|Any CPU
		{55C72A1F-74BA-49F5-A283-325F2B26A712}.Release|Any CPU.ActiveCfg = Release|Any CPU
		{55C72A1F-74BA-49F5-A283-325F2B26A712}.Release|Any CPU.Build.0 = Release|Any CPU
	EndGlobalSection
	GlobalSection(SolutionProperties) = preSolution
		HideSolutionNode = FALSE
	EndGlobalSection
	GlobalSection(ExtensibilityGlobals) = postSolution
		SolutionGuid = {340E33E8-372F-40E2-AD3A-A7F803007ACC}
	EndGlobalSection
EndGlobal
